
Microsoft Visual Studio Solution File, Format Version 12.00
# Visual Studio Version 16
VisualStudioVersion = 16.0.33027.164
MinimumVisualStudioVersion = 10.0.40219.1
Project("{FAE04EC0-301F-11D3-BF4B-00C04F79EFBC}") = "VendasAPI", "VendasAPI\VendasAPI.csproj", "{0A043229-7598-43D5-B965-B7889432D716}"
EndProject
Global
	GlobalSection(SolutionConfigurationPlatforms) = preSolution
		Debug|Any CPU = Debug|Any CPU
		Release|Any CPU = Release|Any CPU
	EndGlobalSection
	GlobalSection(ProjectConfigurationPlatforms) = postSolution
		{0A043229-7598-43D5-B965-B7889432D716}.Debug|Any CPU.ActiveCfg = Debug|Any CPU
		{0A043229-7598-43D5-B965-B7889432D716}.Debug|Any CPU.Build.0 = Debug|Any CPU
		{0A043229-7598-43D5-B965-B7889432D716}.Release|Any CPU.ActiveCfg = Release|Any CPU
		{0A043229-7598-43D5-B965-B7889432D716}.Release|Any CPU.Build.0 = Release|Any CPU
	EndGlobalSection
	GlobalSection(SolutionProperties) = preSolution
		HideSolutionNode = FALSE
	EndGlobalSection
	GlobalSection(ExtensibilityGlobals) = postSolution
		SolutionGuid = {449DA19C-D6E5-4465-9CB3-AF50D13A11D9}
	EndGlobalSection
EndGlobal
